
Microsoft Visual Studio Solution File, Format Version 12.00
# Visual Studio Version 16
VisualStudioVersion = 16.0.28729.10
MinimumVisualStudioVersion = 10.0.40219.1
Project("{9A19103F-16F7-4668-BE54-9A1E7A4F7556}") = "Assembly-CSharp", "Assembly-CSharp\Assembly-CSharp.csproj", "{FEC8CB89-5608-4C17-82B9-7D4DFFDD8DDA}"
EndProject
Project("{2150E333-8FDC-42A3-9474-1A3956D46DE8}") = "Build", "Build", "{0EBC72AD-08A4-4501-9F87-3FB55F7DDCB6}"
	ProjectSection(SolutionItems) = preProject
		Build\LaunchCE.bat = Build\LaunchCE.bat
		Build\PublishCE.bat = Build\PublishCE.bat
	EndProjectSection
EndProject
Global
	GlobalSection(SolutionConfigurationPlatforms) = preSolution
		Debug|Any CPU = Debug|Any CPU
		Release|Any CPU = Release|Any CPU
	EndGlobalSection
	GlobalSection(ProjectConfigurationPlatforms) = postSolution
		{FEC8CB89-5608-4C17-82B9-7D4DFFDD8DDA}.Debug|Any CPU.ActiveCfg = Debug|Any CPU
		{FEC8CB89-5608-4C17-82B9-7D4DFFDD8DDA}.Debug|Any CPU.Build.0 = Debug|Any CPU
		{FEC8CB89-5608-4C17-82B9-7D4DFFDD8DDA}.Release|Any CPU.ActiveCfg = Release|Any CPU
		{FEC8CB89-5608-4C17-82B9-7D4DFFDD8DDA}.Release|Any CPU.Build.0 = Release|Any CPU
	EndGlobalSection
	GlobalSection(SolutionProperties) = preSolution
		HideSolutionNode = FALSE
	EndGlobalSection
	GlobalSection(ExtensibilityGlobals) = postSolution
		SolutionGuid = {E5D52F05-E151-443D-A975-C9BC38F6673A}
	EndGlobalSection
EndGlobal
